Microsoft Visual Studio Solution File, Format Version 12.00
# Visual Studio Version 17
VisualStudioVersion = 17.5.2.0
MinimumVisualStudioVersion = 10.0.40219.1
Project("{FAE04EC0-301F-11D3-BF4B-00C04F79EFBC}") = "MercorClone.Web", "MercorClone.Web.csproj", "{AFD68A9B-C6FB-CE01-E30B-1B38DA79723C}"
EndProject
Global
	GlobalSection(SolutionConfigurationPlatforms) = preSolution
		Debug|Any CPU = Debug|Any CPU
		Release|Any CPU = Release|Any CPU
	EndGlobalSection
	GlobalSection(ProjectConfigurationPlatforms) = postSolution
		{AFD68A9B-C6FB-CE01-E30B-1B38DA79723C}.Debug|Any CPU.ActiveCfg = Debug|Any CPU
		{AFD68A9B-C6FB-CE01-E30B-1B38DA79723C}.Debug|Any CPU.Build.0 = Debug|Any CPU
		{AFD68A9B-C6FB-CE01-E30B-1B38DA79723C}.Release|Any CPU.ActiveCfg = Release|Any CPU
		{AFD68A9B-C6FB-CE01-E30B-1B38DA79723C}.Release|Any CPU.Build.0 = Release|Any CPU
	EndGlobalSection
	GlobalSection(SolutionProperties) = preSolution
		HideSolutionNode = FALSE
	EndGlobalSection
	GlobalSection(ExtensibilityGlobals) = postSolution
		SolutionGuid = {18920495-9CAC-4C79-B0A3-4ECB0FA3084B}
	EndGlobalSection
EndGlobal
